{
  "name": "hx-music",
  "version": "1.0.0",
  "lockfileVersion": 2,
  "requires": true,
  "packages": {
    "": {
      "name": "hx-music",
      "version": "1.0.0",
      "license": "ISC",
      "dependencies": {
        "@vant/weapp": "^1.10.6",
        "htils": "^1.4.3"
      }
    },
    "node_modules/@vant/weapp": {
      "version": "1.10.6",
      "resolved": "https://registry.npmjs.org/@vant/weapp/-/weapp-1.10.6.tgz",
      "integrity": "sha512-1IHuolm/dY91YVismO/8xrLbj0s59O4Hcfo6BNXhD5qpTBH/IcjLXnSJ6KpxzcKe6/lXJ/Z1Kyzy6hqFvmB1Bw=="
    },
    "node_modules/htils": {
      "version": "1.4.3",
      "resolved": "https://registry.npmjs.org/htils/-/htils-1.4.3.tgz",
      "integrity": "sha512-DAG2N1NnVBXFI7gULd5Kdyw+mSvINZpneAP58wcM8/eAMc+vAxCjOwB+KC4nHxLk80Ed/9KLMW5G1E5SKU+yYA=="
    }
  },
  "dependencies": {
    "@vant/weapp": {
      "version": "1.10.6",
      "resolved": "https://registry.npmjs.org/@vant/weapp/-/weapp-1.10.6.tgz",
      "integrity": "sha512-1IHuolm/dY91YVismO/8xrLbj0s59O4Hcfo6BNXhD5qpTBH/IcjLXnSJ6KpxzcKe6/lXJ/Z1Kyzy6hqFvmB1Bw=="
    },
    "htils": {
      "version": "1.4.3",
      "resolved": "https://registry.npmjs.org/htils/-/htils-1.4.3.tgz",
      "integrity": "sha512-DAG2N1NnVBXFI7gULd5Kdyw+mSvINZpneAP58wcM8/eAMc+vAxCjOwB+KC4nHxLk80Ed/9KLMW5G1E5SKU+yYA=="
    }
  }
}
